
Microsoft Visual Studio Solution File, Format Version 12.00
# Visual Studio Version 17
VisualStudioVersion = 17.2.32526.322
MinimumVisualStudioVersion = 10.0.40219.1
Project("{F184B08F-C81C-45F6-A57F-5ABD9991F28F}") = "OrganizadorDiario", "OrganizadorDiario\OrganizadorDiario.vbproj", "{B0918A14-D5B3-44DC-ADD8-EB7203B8E7F9}"
EndProject
Global
	GlobalSection(SolutionConfigurationPlatforms) = preSolution
		Debug|Any CPU = Debug|Any CPU
		Release|Any CPU = Release|Any CPU
	EndGlobalSection
	GlobalSection(ProjectConfigurationPlatforms) = postSolution
		{B0918A14-D5B3-44DC-ADD8-EB7203B8E7F9}.Debug|Any CPU.ActiveCfg = Debug|Any CPU
		{B0918A14-D5B3-44DC-ADD8-EB7203B8E7F9}.Debug|Any CPU.Build.0 = Debug|Any CPU
		{B0918A14-D5B3-44DC-ADD8-EB7203B8E7F9}.Release|Any CPU.ActiveCfg = Release|Any CPU
		{B0918A14-D5B3-44DC-ADD8-EB7203B8E7F9}.Release|Any CPU.Build.0 = Release|Any CPU
	EndGlobalSection
	GlobalSection(SolutionProperties) = preSolution
		HideSolutionNode = FALSE
	EndGlobalSection
	GlobalSection(ExtensibilityGlobals) = postSolution
		SolutionGuid = {92F20268-ECBA-4B49-8941-C07202895897}
	EndGlobalSection
EndGlobal
